// !$*UTF8*$!
{
	archiveVersion = 1;
	classes = {
	};
	objectVersion = 56;
	objects = {

/* Begin PBXBuildFile section */
		C97C20082BCD399200D133A7 /* NeroWatch.app in Embed Watch Content */ = {isa = PBXBuildFile; fileRef = C97C20072BCD399200D133A7 /* NeroWatch.app */; settings = {ATTRIBUTES = (RemoveHeadersOnCopy, ); }; };
		C97C200D2BCD399200D133A7 /* NeroApp.swift in Sources */ = {isa = PBXBuildFile; fileRef = C97C200C2BCD399200D133A7 /* NeroApp.swift */; };
		C97C200F2BCD399200D133A7 /* ContentView.swift in Sources */ = {isa = PBXBuildFile; fileRef = C97C200E2BCD399200D133A7 /* ContentView.swift */; };
		C97C20112BCD399400D133A7 /* Assets.xcassets in Resources */ = {isa = PBXBuildFile; fileRef = C97C20102BCD399400D133A7 /* Assets.xcassets */; };
		C97C20142BCD399400D133A7 /* Preview Assets.xcassets in Resources */ = {isa = PBXBuildFile; fileRef = C97C20132BCD399400D133A7 /* Preview Assets.xcassets */; };
		C97C201E2BCD399400D133A7 /* Nero_Watch_AppTests.swift in Sources */ = {isa = PBXBuildFile; fileRef = C97C201D2BCD399400D133A7 /* Nero_Watch_AppTests.swift */; };
		C97C20282BCD399400D133A7 /* Nero_Watch_AppUITests.swift in Sources */ = {isa = PBXBuildFile; fileRef = C97C20272BCD399400D133A7 /* Nero_Watch_AppUITests.swift */; };
		C97C202A2BCD399400D133A7 /* Nero_Watch_AppUITestsLaunchTests.swift in Sources */ = {isa = PBXBuildFile; fileRef = C97C20292BCD399400D133A7 /* Nero_Watch_AppUITestsLaunchTests.swift */; };
		C9E0B9F32BCFE472007AF034 /* ParameterView.swift in Sources */ = {isa = PBXBuildFile; fileRef = C9E0B9F22BCFE472007AF034 /* ParameterView.swift */; };
/* End PBXBuildFile section */

/* Begin PBXContainerItemProxy section */
		C97C20092BCD399200D133A7 /* PBXContainerItemProxy */ = {
			isa = PBXContainerItemProxy;
			containerPortal = C97C1FFB2BCD399200D133A7 /* Project object */;
			proxyType = 1;
			remoteGlobalIDString = C97C20062BCD399200D133A7;
			remoteInfo = "Nero Watch App";
		};
		C97C201A2BCD399400D133A7 /* PBXContainerItemProxy */ = {
			isa = PBXContainerItemProxy;
			containerPortal = C97C1FFB2BCD399200D133A7 /* Project object */;
			proxyType = 1;
			remoteGlobalIDString = C97C20062BCD399200D133A7;
			remoteInfo = "Nero Watch App";
		};
		C97C20242BCD399400D133A7 /* PBXContainerItemProxy */ = {
			isa = PBXContainerItemProxy;
			containerPortal = C97C1FFB2BCD399200D133A7 /* Project object */;
			proxyType = 1;
			remoteGlobalIDString = C97C20062BCD399200D133A7;
			remoteInfo = "Nero Watch App";
		};
/* End PBXContainerItemProxy section */

/* Begin PBXCopyFilesBuildPhase section */
		C97C20302BCD399400D133A7 /* Embed Watch Content */ = {
			isa = PBXCopyFilesBuildPhase;
			buildActionMask = 2147483647;
			dstPath = "$(CONTENTS_FOLDER_PATH)/Watch";
			dstSubfolderSpec = 16;
			files = (
				C97C20082BCD399200D133A7 /* NeroWatch.app in Embed Watch Content */,
			);
			name = "Embed Watch Content";
			runOnlyForDeploymentPostprocessing = 0;
		};
/* End PBXCopyFilesBuildPhase section */

/* Begin PBXFileReference section */
		C97C20012BCD399200D133A7 /* Nero.app */ = {isa = PBXFileReference; explicitFileType = wrapper.application; includeInIndex = 0; path = Nero.app; sourceTree = BUILT_PRODUCTS_DIR; };
		C97C20072BCD399200D133A7 /* NeroWatch.app */ = {isa = PBXFileReference; explicitFileType = wrapper.application; includeInIndex = 0; path = NeroWatch.app; sourceTree = BUILT_PRODUCTS_DIR; };
		C97C200C2BCD399200D133A7 /* NeroApp.swift */ = {isa = PBXFileReference; lastKnownFileType = sourcecode.swift; path = NeroApp.swift; sourceTree = "<group>"; };
		C97C200E2BCD399200D133A7 /* ContentView.swift */ = {isa = PBXFileReference; lastKnownFileType = sourcecode.swift; path = ContentView.swift; sourceTree = "<group>"; };
		C97C20102BCD399400D133A7 /* Assets.xcassets */ = {isa = PBXFileReference; lastKnownFileType = folder.assetcatalog; path = Assets.xcassets; sourceTree = "<group>"; };
		C97C20132BCD399400D133A7 /* Preview Assets.xcassets */ = {isa = PBXFileReference; lastKnownFileType = folder.assetcatalog; path = "Preview Assets.xcassets"; sourceTree = "<group>"; };
		C97C20192BCD399400D133A7 /* Nero Watch AppTests.xctest */ = {isa = PBXFileReference; explicitFileType = wrapper.cfbundle; includeInIndex = 0; path = "Nero Watch AppTests.xctest"; sourceTree = BUILT_PRODUCTS_DIR; };
		C97C201D2BCD399400D133A7 /* Nero_Watch_AppTests.swift */ = {isa = PBXFileReference; lastKnownFileType = sourcecode.swift; path = Nero_Watch_AppTests.swift; sourceTree = "<group>"; };
		C97C20232BCD399400D133A7 /* Nero Watch AppUITests.xctest */ = {isa = PBXFileReference; explicitFileType = wrapper.cfbundle; includeInIndex = 0; path = "Nero Watch AppUITests.xctest"; sourceTree = BUILT_PRODUCTS_DIR; };
		C97C20272BCD399400D133A7 /* Nero_Watch_AppUITests.swift */ = {isa = PBXFileReference; lastKnownFileType = sourcecode.swift; path = Nero_Watch_AppUITests.swift; sourceTree = "<group>"; };
		C97C20292BCD399400D133A7 /* Nero_Watch_AppUITestsLaunchTests.swift */ = {isa = PBXFileReference; lastKnownFileType = sourcecode.swift; path = Nero_Watch_AppUITestsLaunchTests.swift; sourceTree = "<group>"; };
		C97C203B2BCD3A2400D133A7 /* Project.xcconfig */ = {isa = PBXFileReference; lastKnownFileType = text.xcconfig; path = Project.xcconfig; sourceTree = "<group>"; };
		C9E0B9EF2BCE95F8007AF034 /* NeroWatch.xcconfig */ = {isa = PBXFileReference; lastKnownFileType = text.xcconfig; path = NeroWatch.xcconfig; sourceTree = "<group>"; };
		C9E0B9F22BCFE472007AF034 /* ParameterView.swift */ = {isa = PBXFileReference; lastKnownFileType = sourcecode.swift; path = ParameterView.swift; sourceTree = "<group>"; };
/* End PBXFileReference section */

/* Begin PBXFrameworksBuildPhase section */
		C97C20042BCD399200D133A7 /* Frameworks */ = {
			isa = PBXFrameworksBuildPhase;
			buildActionMask = 2147483647;
			files = (
			);
			runOnlyForDeploymentPostprocessing = 0;
		};
		C97C20162BCD399400D133A7 /* Frameworks */ = {
			isa = PBXFrameworksBuildPhase;
			buildActionMask = 2147483647;
			files = (
			);
			runOnlyForDeploymentPostprocessing = 0;
		};
		C97C20202BCD399400D133A7 /* Frameworks */ = {
			isa = PBXFrameworksBuildPhase;
			buildActionMask = 2147483647;
			files = (
			);
			runOnlyForDeploymentPostprocessing = 0;
		};
/* End PBXFrameworksBuildPhase section */

/* Begin PBXGroup section */
		C97C1FFA2BCD399200D133A7 = {
			isa = PBXGroup;
			children = (
				C97C203A2BCD3A0000D133A7 /* Configurations */,
				C97C200B2BCD399200D133A7 /* Nero Watch App */,
				C97C201C2BCD399400D133A7 /* Nero Watch AppTests */,
				C97C20262BCD399400D133A7 /* Nero Watch AppUITests */,
				C97C20022BCD399200D133A7 /* Products */,
			);
			sourceTree = "<group>";
		};
		C97C20022BCD399200D133A7 /* Products */ = {
			isa = PBXGroup;
			children = (
				C97C20012BCD399200D133A7 /* Nero.app */,
				C97C20072BCD399200D133A7 /* NeroWatch.app */,
				C97C20192BCD399400D133A7 /* Nero Watch AppTests.xctest */,
				C97C20232BCD399400D133A7 /* Nero Watch AppUITests.xctest */,
			);
			name = Products;
			sourceTree = "<group>";
		};
		C97C200B2BCD399200D133A7 /* Nero Watch App */ = {
			isa = PBXGroup;
			children = (
				C97C200C2BCD399200D133A7 /* NeroApp.swift */,
				C97C200E2BCD399200D133A7 /* ContentView.swift */,
				C97C20102BCD399400D133A7 /* Assets.xcassets */,
				C97C20122BCD399400D133A7 /* Preview Content */,
				C9E0B9F22BCFE472007AF034 /* ParameterView.swift */,
			);
			path = "Nero Watch App";
			sourceTree = "<group>";
		};
		C97C20122BCD399400D133A7 /* Preview Content */ = {
			isa = PBXGroup;
			children = (
				C97C20132BCD399400D133A7 /* Preview Assets.xcassets */,
			);
			path = "Preview Content";
			sourceTree = "<group>";
		};
		C97C201C2BCD399400D133A7 /* Nero Watch AppTests */ = {
			isa = PBXGroup;
			children = (
				C97C201D2BCD399400D133A7 /* Nero_Watch_AppTests.swift */,
			);
			path = "Nero Watch AppTests";
			sourceTree = "<group>";
		};
		C97C20262BCD399400D133A7 /* Nero Watch AppUITests */ = {
			isa = PBXGroup;
			children = (
				C97C20272BCD399400D133A7 /* Nero_Watch_AppUITests.swift */,
				C97C20292BCD399400D133A7 /* Nero_Watch_AppUITestsLaunchTests.swift */,
			);
			path = "Nero Watch AppUITests";
			sourceTree = "<group>";
		};
		C97C203A2BCD3A0000D133A7 /* Configurations */ = {
			isa = PBXGroup;
			children = (
				C97C203B2BCD3A2400D133A7 /* Project.xcconfig */,
				C9E0B9EF2BCE95F8007AF034 /* NeroWatch.xcconfig */,
			);
			path = Configurations;
			sourceTree = "<group>";
		};
/* End PBXGroup section */

/* Begin PBXNativeTarget section */
		C97C20002BCD399200D133A7 /* Nero */ = {
			isa = PBXNativeTarget;
			buildConfigurationList = C97C20312BCD399400D133A7 /* Build configuration list for PBXNativeTarget "Nero" */;
			buildPhases = (
				C97C1FFF2BCD399200D133A7 /* Resources */,
				C97C20302BCD399400D133A7 /* Embed Watch Content */,
			);
			buildRules = (
			);
			dependencies = (
				C97C200A2BCD399200D133A7 /* PBXTargetDependency */,
			);
			name = Nero;
			productName = Nero;
			productReference = C97C20012BCD399200D133A7 /* Nero.app */;
			productType = "com.apple.product-type.application.watchapp2-container";
		};
		C97C20062BCD399200D133A7 /* Nero Watch App */ = {
			isa = PBXNativeTarget;
			buildConfigurationList = C97C202D2BCD399400D133A7 /* Build configuration list for PBXNativeTarget "Nero Watch App" */;
			buildPhases = (
				C97C20032BCD399200D133A7 /* Sources */,
				C97C20042BCD399200D133A7 /* Frameworks */,
				C97C20052BCD399200D133A7 /* Resources */,
			);
			buildRules = (
			);
			dependencies = (
			);
			name = "Nero Watch App";
			productName = "Nero Watch App";
			productReference = C97C20072BCD399200D133A7 /* NeroWatch.app */;
			productType = "com.apple.product-type.application";
		};
		C97C20182BCD399400D133A7 /* Nero Watch AppTests */ = {
			isa = PBXNativeTarget;
			buildConfigurationList = C97C20342BCD399400D133A7 /* Build configuration list for PBXNativeTarget "Nero Watch AppTests" */;
			buildPhases = (
				C97C20152BCD399400D133A7 /* Sources */,
				C97C20162BCD399400D133A7 /* Frameworks */,
				C97C20172BCD399400D133A7 /* Resources */,
			);
			buildRules = (
			);
			dependencies = (
				C97C201B2BCD399400D133A7 /* PBXTargetDependency */,
			);
			name = "Nero Watch AppTests";
			productName = "Nero Watch AppTests";
			productReference = C97C20192BCD399400D133A7 /* Nero Watch AppTests.xctest */;
			productType = "com.apple.product-type.bundle.unit-test";
		};
		C97C20222BCD399400D133A7 /* Nero Watch AppUITests */ = {
			isa = PBXNativeTarget;
			buildConfigurationList = C97C20372BCD399400D133A7 /* Build configuration list for PBXNativeTarget "Nero Watch AppUITests" */;
			buildPhases = (
				C97C201F2BCD399400D133A7 /* Sources */,
				C97C20202BCD399400D133A7 /* Frameworks */,
				C97C20212BCD399400D133A7 /* Resources */,
			);
			buildRules = (
			);
			dependencies = (
				C97C20252BCD399400D133A7 /* PBXTargetDependency */,
			);
			name = "Nero Watch AppUITests";
			productName = "Nero Watch AppUITests";
			productReference = C97C20232BCD399400D133A7 /* Nero Watch AppUITests.xctest */;
			productType = "com.apple.product-type.bundle.ui-testing";
		};
/* End PBXNativeTarget section */

/* Begin PBXProject section */
		C97C1FFB2BCD399200D133A7 /* Project object */ = {
			isa = PBXProject;
			attributes = {
				BuildIndependentTargetsInParallel = 1;
				LastSwiftUpdateCheck = 1530;
				LastUpgradeCheck = 1530;
				TargetAttributes = {
					C97C20002BCD399200D133A7 = {
						CreatedOnToolsVersion = 15.3;
					};
					C97C20062BCD399200D133A7 = {
						CreatedOnToolsVersion = 15.3;
					};
					C97C20182BCD399400D133A7 = {
						CreatedOnToolsVersion = 15.3;
						TestTargetID = C97C20062BCD399200D133A7;
					};
					C97C20222BCD399400D133A7 = {
						CreatedOnToolsVersion = 15.3;
						TestTargetID = C97C20062BCD399200D133A7;
					};
				};
			};
			buildConfigurationList = C97C1FFE2BCD399200D133A7 /* Build configuration list for PBXProject "Nero" */;
			compatibilityVersion = "Xcode 14.0";
			developmentRegion = en;
			hasScannedForEncodings = 0;
			knownRegions = (
				en,
				Base,
			);
			mainGroup = C97C1FFA2BCD399200D133A7;
			productRefGroup = C97C20022BCD399200D133A7 /* Products */;
			projectDirPath = "";
			projectRoot = "";
			targets = (
				C97C20002BCD399200D133A7 /* Nero */,
				C97C20062BCD399200D133A7 /* Nero Watch App */,
				C97C20182BCD399400D133A7 /* Nero Watch AppTests */,
				C97C20222BCD399400D133A7 /* Nero Watch AppUITests */,
			);
		};
/* End PBXProject section */

/* Begin PBXResourcesBuildPhase section */
		C97C1FFF2BCD399200D133A7 /* Resources */ = {
			isa = PBXResourcesBuildPhase;
			buildActionMask = 2147483647;
			files = (
			);
			runOnlyForDeploymentPostprocessing = 0;
		};
		C97C20052BCD399200D133A7 /* Resources */ = {
			isa = PBXResourcesBuildPhase;
			buildActionMask = 2147483647;
			files = (
				C97C20142BCD399400D133A7 /* Preview Assets.xcassets in Resources */,
				C97C20112BCD399400D133A7 /* Assets.xcassets in Resources */,
			);
			runOnlyForDeploymentPostprocessing = 0;
		};
		C97C20172BCD399400D133A7 /* Resources */ = {
			isa = PBXResourcesBuildPhase;
			buildActionMask = 2147483647;
			files = (
			);
			runOnlyForDeploymentPostprocessing = 0;
		};
		C97C20212BCD399400D133A7 /* Resources */ = {
			isa = PBXResourcesBuildPhase;
			buildActionMask = 2147483647;
			files = (
			);
			runOnlyForDeploymentPostprocessing = 0;
		};
/* End PBXResourcesBuildPhase section */

/* Begin PBXSourcesBuildPhase section */
		C97C20032BCD399200D133A7 /* Sources */ = {
			isa = PBXSourcesBuildPhase;
			buildActionMask = 2147483647;
			files = (
				C97C200F2BCD399200D133A7 /* ContentView.swift in Sources */,
				C9E0B9F32BCFE472007AF034 /* ParameterView.swift in Sources */,
				C97C200D2BCD399200D133A7 /* NeroApp.swift in Sources */,
			);
			runOnlyForDeploymentPostprocessing = 0;
		};
		C97C20152BCD399400D133A7 /* Sources */ = {
			isa = PBXSourcesBuildPhase;
			buildActionMask = 2147483647;
			files = (
				C97C201E2BCD399400D133A7 /* Nero_Watch_AppTests.swift in Sources */,
			);
			runOnlyForDeploymentPostprocessing = 0;
		};
		C97C201F2BCD399400D133A7 /* Sources */ = {
			isa = PBXSourcesBuildPhase;
			buildActionMask = 2147483647;
			files = (
				C97C202A2BCD399400D133A7 /* Nero_Watch_AppUITestsLaunchTests.swift in Sources */,
				C97C20282BCD399400D133A7 /* Nero_Watch_AppUITests.swift in Sources */,
			);
			runOnlyForDeploymentPostprocessing = 0;
		};
/* End PBXSourcesBuildPhase section */

/* Begin PBXTargetDependency section */
		C97C200A2BCD399200D133A7 /* PBXTargetDependency */ = {
			isa = PBXTargetDependency;
			target = C97C20062BCD399200D133A7 /* Nero Watch App */;
			targetProxy = C97C20092BCD399200D133A7 /* PBXContainerItemProxy */;
		};
		C97C201B2BCD399400D133A7 /* PBXTargetDependency */ = {
			isa = PBXTargetDependency;
			target = C97C20062BCD399200D133A7 /* Nero Watch App */;
			targetProxy = C97C201A2BCD399400D133A7 /* PBXContainerItemProxy */;
		};
		C97C20252BCD399400D133A7 /* PBXTargetDependency */ = {
			isa = PBXTargetDependency;
			target = C97C20062BCD399200D133A7 /* Nero Watch App */;
			targetProxy = C97C20242BCD399400D133A7 /* PBXContainerItemProxy */;
		};
/* End PBXTargetDependency section */

/* Begin XCBuildConfiguration section */
		C97C202B2BCD399400D133A7 /* Debug */ = {
			isa = XCBuildConfiguration;
			baseConfigurationReference = C97C203B2BCD3A2400D133A7 /* Project.xcconfig */;
			buildSettings = {
				ASSETCATALOG_COMPILER_GENERATE_SWIFT_ASSET_SYMBOL_EXTENSIONS = YES;
				CLANG_ANALYZER_NONNULL = YES;
				CLANG_ANALYZER_NUMBER_OBJECT_CONVERSION = YES_AGGRESSIVE;
				CLANG_CXX_LANGUAGE_STANDARD = "gnu++20";
				CLANG_WARN_BLOCK_CAPTURE_AUTORELEASING = YES;
				CLANG_WARN_BOOL_CONVERSION = YES;
				CLANG_WARN_COMMA = YES;
				CLANG_WARN_CONSTANT_CONVERSION = YES;
				CLANG_WARN_DEPRECATED_OBJC_IMPLEMENTATIONS = YES;
				CLANG_WARN_DIRECT_OBJC_ISA_USAGE = YES_ERROR;
				CLANG_WARN_DOCUMENTATION_COMMENTS = YES;
				CLANG_WARN_EMPTY_BODY = YES;
				CLANG_WARN_ENUM_CONVERSION = YES;
				CLANG_WARN_INFINITE_RECURSION = YES;
				CLANG_WARN_INT_CONVERSION = YES;
				CLANG_WARN_NON_LITERAL_NULL_CONVERSION = YES;
				CLANG_WARN_OBJC_IMPLICIT_RETAIN_SELF = YES;
				CLANG_WARN_OBJC_LITERAL_CONVERSION = YES;
				CLANG_WARN_OBJC_ROOT_CLASS = YES_ERROR;
				CLANG_WARN_QUOTED_INCLUDE_IN_FRAMEWORK_HEADER = YES;
				CLANG_WARN_RANGE_LOOP_ANALYSIS = YES;
				CLANG_WARN_STRICT_PROTOTYPES = YES;
				CLANG_WARN_SUSPICIOUS_MOVE = YES;
				CLANG_WARN_UNGUARDED_AVAILABILITY = YES_AGGRESSIVE;
				CLANG_WARN_UNREACHABLE_CODE = YES;
				CLANG_WARN__DUPLICATE_METHOD_MATCH = YES;
				COPY_PHASE_STRIP = NO;
				DEBUG_INFORMATION_FORMAT = dwarf;
				ENABLE_STRICT_OBJC_MSGSEND = YES;
				ENABLE_TESTABILITY = YES;
				ENABLE_USER_SCRIPT_SANDBOXING = YES;
				GCC_C_LANGUAGE_STANDARD = gnu17;
				GCC_DYNAMIC_NO_PIC = NO;
				GCC_NO_COMMON_BLOCKS = YES;
				GCC_OPTIMIZATION_LEVEL = 0;
				GCC_PREPROCESSOR_DEFINITIONS = (
					"DEBUG=1",
					"$(inherited)",
				);
				GCC_WARN_64_TO_32_BIT_CONVERSION = YES;
				GCC_WARN_ABOUT_RETURN_TYPE = YES_ERROR;
				GCC_WARN_UNDECLARED_SELECTOR = YES;
				GCC_WARN_UNINITIALIZED_AUTOS = YES_AGGRESSIVE;
				GCC_WARN_UNUSED_FUNCTION = YES;
				GCC_WARN_UNUSED_VARIABLE = YES;
				LOCALIZATION_PREFERS_STRING_CATALOGS = YES;
				MTL_ENABLE_DEBUG_INFO = INCLUDE_SOURCE;
				MTL_FAST_MATH = YES;
				ONLY_ACTIVE_ARCH = YES;
				SWIFT_ACTIVE_COMPILATION_CONDITIONS = "DEBUG $(inherited)";
				SWIFT_OPTIMIZATION_LEVEL = "-Onone";
			};
			name = Debug;
		};
		C97C202C2BCD399400D133A7 /* Release */ = {
			isa = XCBuildConfiguration;
			baseConfigurationReference = C97C203B2BCD3A2400D133A7 /* Project.xcconfig */;
			buildSettings = {
				ASSETCATALOG_COMPILER_GENERATE_SWIFT_ASSET_SYMBOL_EXTENSIONS = YES;
				CLANG_ANALYZER_NONNULL = YES;
				CLANG_ANALYZER_NUMBER_OBJECT_CONVERSION = YES_AGGRESSIVE;
				CLANG_CXX_LANGUAGE_STANDARD = "gnu++20";
				CLANG_WARN_BLOCK_CAPTURE_AUTORELEASING = YES;
				CLANG_WARN_BOOL_CONVERSION = YES;
				CLANG_WARN_COMMA = YES;
				CLANG_WARN_CONSTANT_CONVERSION = YES;
				CLANG_WARN_DEPRECATED_OBJC_IMPLEMENTATIONS = YES;
				CLANG_WARN_DIRECT_OBJC_ISA_USAGE = YES_ERROR;
				CLANG_WARN_DOCUMENTATION_COMMENTS = YES;
				CLANG_WARN_EMPTY_BODY = YES;
				CLANG_WARN_ENUM_CONVERSION = YES;
				CLANG_WARN_INFINITE_RECURSION = YES;
				CLANG_WARN_INT_CONVERSION = YES;
				CLANG_WARN_NON_LITERAL_NULL_CONVERSION = YES;
				CLANG_WARN_OBJC_IMPLICIT_RETAIN_SELF = YES;
				CLANG_WARN_OBJC_LITERAL_CONVERSION = YES;
				CLANG_WARN_OBJC_ROOT_CLASS = YES_ERROR;
				CLANG_WARN_QUOTED_INCLUDE_IN_FRAMEWORK_HEADER = YES;
				CLANG_WARN_RANGE_LOOP_ANALYSIS = YES;
				CLANG_WARN_STRICT_PROTOTYPES = YES;
				CLANG_WARN_SUSPICIOUS_MOVE = YES;
				CLANG_WARN_UNGUARDED_AVAILABILITY = YES_AGGRESSIVE;
				CLANG_WARN_UNREACHABLE_CODE = YES;
				CLANG_WARN__DUPLICATE_METHOD_MATCH = YES;
				COPY_PHASE_STRIP = NO;
				DEBUG_INFORMATION_FORMAT = "dwarf-with-dsym";
				ENABLE_NS_ASSERTIONS = NO;
				ENABLE_STRICT_OBJC_MSGSEND = YES;
				ENABLE_USER_SCRIPT_SANDBOXING = YES;
				GCC_C_LANGUAGE_STANDARD = gnu17;
				GCC_NO_COMMON_BLOCKS = YES;
				GCC_WARN_64_TO_32_BIT_CONVERSION = YES;
				GCC_WARN_ABOUT_RETURN_TYPE = YES_ERROR;
				GCC_WARN_UNDECLARED_SELECTOR = YES;
				GCC_WARN_UNINITIALIZED_AUTOS = YES_AGGRESSIVE;
				GCC_WARN_UNUSED_FUNCTION = YES;
				GCC_WARN_UNUSED_VARIABLE = YES;
				LOCALIZATION_PREFERS_STRING_CATALOGS = YES;
				MTL_ENABLE_DEBUG_INFO = NO;
				MTL_FAST_MATH = YES;
			};
			name = Release;
		};
		C97C202E2BCD399400D133A7 /* Debug */ = {
			isa = XCBuildConfiguration;
			baseConfigurationReference = C9E0B9EF2BCE95F8007AF034 /* NeroWatch.xcconfig */;
			buildSettings = {
				ASSETCATALOG_COMPILER_APPICON_NAME = AppIcon;
				ASSETCATALOG_COMPILER_GLOBAL_ACCENT_COLOR_NAME = AccentColor;
				DEVELOPMENT_ASSET_PATHS = "\"Nero Watch App/Preview Content\"";
				ENABLE_PREVIEWS = YES;
				GENERATE_INFOPLIST_FILE = YES;
				INFOPLIST_KEY_CFBundleDisplayName = Nero;
				INFOPLIST_KEY_UISupportedInterfaceOrientations = "UIInterfaceOrientationPortrait UIInterfaceOrientationPortraitUpsideDown";
				INFOPLIST_KEY_WKWatchOnly = YES;
				LD_RUNPATH_SEARCH_PATHS = (
					"$(inherited)",
					"@executable_path/Frameworks",
				);
				SWIFT_EMIT_LOC_STRINGS = YES;
			};
			name = Debug;
		};
		C97C202F2BCD399400D133A7 /* Release */ = {
			isa = XCBuildConfiguration;
			baseConfigurationReference = C9E0B9EF2BCE95F8007AF034 /* NeroWatch.xcconfig */;
			buildSettings = {
				ASSETCATALOG_COMPILER_APPICON_NAME = AppIcon;
				ASSETCATALOG_COMPILER_GLOBAL_ACCENT_COLOR_NAME = AccentColor;
				DEVELOPMENT_ASSET_PATHS = "\"Nero Watch App/Preview Content\"";
				ENABLE_PREVIEWS = YES;
				GENERATE_INFOPLIST_FILE = YES;
				INFOPLIST_KEY_CFBundleDisplayName = Nero;
				INFOPLIST_KEY_UISupportedInterfaceOrientations = "UIInterfaceOrientationPortrait UIInterfaceOrientationPortraitUpsideDown";
				INFOPLIST_KEY_WKWatchOnly = YES;
				LD_RUNPATH_SEARCH_PATHS = (
					"$(inherited)",
					"@executable_path/Frameworks",
				);
				SWIFT_EMIT_LOC_STRINGS = YES;
				VALIDATE_PRODUCT = YES;
			};
			name = Release;
		};
		C97C20322BCD399400D133A7 /* Debug */ = {
			isa = XCBuildConfiguration;
			buildSettings = {
				ALWAYS_EMBED_SWIFT_STANDARD_LIBRARIES = YES;
				INFOPLIST_KEY_CFBundleDisplayName = Nero;
				SDKROOT = iphoneos;
				TARGETED_DEVICE_FAMILY = "1,2";
			};
			name = Debug;
		};
		C97C20332BCD399400D133A7 /* Release */ = {
			isa = XCBuildConfiguration;
			buildSettings = {
				ALWAYS_EMBED_SWIFT_STANDARD_LIBRARIES = YES;
				INFOPLIST_KEY_CFBundleDisplayName = Nero;
				SDKROOT = iphoneos;
				TARGETED_DEVICE_FAMILY = "1,2";
				VALIDATE_PRODUCT = YES;
			};
			name = Release;
		};
		C97C20352BCD399400D133A7 /* Debug */ = {
			isa = XCBuildConfiguration;
			buildSettings = {
				ALWAYS_EMBED_SWIFT_STANDARD_LIBRARIES = YES;
				BUNDLE_LOADER = "$(TEST_HOST)";
				GENERATE_INFOPLIST_FILE = YES;
				PRODUCT_BUNDLE_IDENTIFIER = "org.massicotte.Nero-Watch-AppTests";
				PRODUCT_MODULE_NAME = NeroTests;
				PRODUCT_NAME = "$(TARGET_NAME)";
				SDKROOT = watchos;
				SWIFT_EMIT_LOC_STRINGS = NO;
				TEST_HOST = "$(BUILT_PRODUCTS_DIR)/NeroWatch.app/$(BUNDLE_EXECUTABLE_FOLDER_PATH)/NeroWatch";
			};
			name = Debug;
		};
		C97C20362BCD399400D133A7 /* Release */ = {
			isa = XCBuildConfiguration;
			buildSettings = {
				ALWAYS_EMBED_SWIFT_STANDARD_LIBRARIES = YES;
				BUNDLE_LOADER = "$(TEST_HOST)";
				GENERATE_INFOPLIST_FILE = YES;
				PRODUCT_BUNDLE_IDENTIFIER = "org.massicotte.Nero-Watch-AppTests";
				PRODUCT_MODULE_NAME = NeroTests;
				PRODUCT_NAME = "$(TARGET_NAME)";
				SDKROOT = watchos;
				SWIFT_EMIT_LOC_STRINGS = NO;
				TEST_HOST = "$(BUILT_PRODUCTS_DIR)/NeroWatch.app/$(BUNDLE_EXECUTABLE_FOLDER_PATH)/NeroWatch";
				VALIDATE_PRODUCT = YES;
			};
			name = Release;
		};
		C97C20382BCD399400D133A7 /* Debug */ = {
			isa = XCBuildConfiguration;
			buildSettings = {
				ALWAYS_EMBED_SWIFT_STANDARD_LIBRARIES = YES;
				GENERATE_INFOPLIST_FILE = YES;
				PRODUCT_BUNDLE_IDENTIFIER = "org.massicotte.Nero-Watch-AppUITests";
				PRODUCT_MODULE_NAME = NeroUITests;
				PRODUCT_NAME = "$(TARGET_NAME)";
				SDKROOT = watchos;
				SWIFT_EMIT_LOC_STRINGS = NO;
				TEST_TARGET_NAME = "Nero Watch App";
			};
			name = Debug;
		};
		C97C20392BCD399400D133A7 /* Release */ = {
			isa = XCBuildConfiguration;
			buildSettings = {
				ALWAYS_EMBED_SWIFT_STANDARD_LIBRARIES = YES;
				GENERATE_INFOPLIST_FILE = YES;
				PRODUCT_BUNDLE_IDENTIFIER = "org.massicotte.Nero-Watch-AppUITests";
				PRODUCT_MODULE_NAME = NeroUITests;
				PRODUCT_NAME = "$(TARGET_NAME)";
				SDKROOT = watchos;
				SWIFT_EMIT_LOC_STRINGS = NO;
				TEST_TARGET_NAME = "Nero Watch App";
				VALIDATE_PRODUCT = YES;
			};
			name = Release;
		};
/* End XCBuildConfiguration section */

/* Begin XCConfigurationList section */
		C97C1FFE2BCD399200D133A7 /* Build configuration list for PBXProject "Nero" */ = {
			isa = XCConfigurationList;
			buildConfigurations = (
				C97C202B2BCD399400D133A7 /* Debug */,
				C97C202C2BCD399400D133A7 /* Release */,
			);
			defaultConfigurationIsVisible = 0;
			defaultConfigurationName = Release;
		};
		C97C202D2BCD399400D133A7 /* Build configuration list for PBXNativeTarget "Nero Watch App" */ = {
			isa = XCConfigurationList;
			buildConfigurations = (
				C97C202E2BCD399400D133A7 /* Debug */,
				C97C202F2BCD399400D133A7 /* Release */,
			);
			defaultConfigurationIsVisible = 0;
			defaultConfigurationName = Release;
		};
		C97C20312BCD399400D133A7 /* Build configuration list for PBXNativeTarget "Nero" */ = {
			isa = XCConfigurationList;
			buildConfigurations = (
				C97C20322BCD399400D133A7 /* Debug */,
				C97C20332BCD399400D133A7 /* Release */,
			);
			defaultConfigurationIsVisible = 0;
			defaultConfigurationName = Release;
		};
		C97C20342BCD399400D133A7 /* Build configuration list for PBXNativeTarget "Nero Watch AppTests" */ = {
			isa = XCConfigurationList;
			buildConfigurations = (
				C97C20352BCD399400D133A7 /* Debug */,
				C97C20362BCD399400D133A7 /* Release */,
			);
			defaultConfigurationIsVisible = 0;
			defaultConfigurationName = Release;
		};
		C97C20372BCD399400D133A7 /* Build configuration list for PBXNativeTarget "Nero Watch AppUITests" */ = {
			isa = XCConfigurationList;
			buildConfigurations = (
				C97C20382BCD399400D133A7 /* Debug */,
				C97C20392BCD399400D133A7 /* Release */,
			);
			defaultConfigurationIsVisible = 0;
			defaultConfigurationName = Release;
		};
/* End XCConfigurationList section */
	};
	rootObject = C97C1FFB2BCD399200D133A7 /* Project object */;
}
